
Microsoft Visual Studio Solution File, Format Version 12.00
# Visual Studio 15
VisualStudioVersion = 15.0.27703.2042
MinimumVisualStudioVersion = 10.0.40219.1
Project("{FAE04EC0-301F-11D3-BF4B-00C04F79EFBC}") = "Mizuho.London.FinanceLedgerPosting.WebApi", "src\Mizuho.London.FinanceLedgerPosting.WebApi\Mizuho.London.FinanceLedgerPosting.WebApi.csproj", "{DD8054A4-BF0D-41C3-85D5-0620AB0E7CB8}"
EndProject
Project("{FAE04EC0-301F-11D3-BF4B-00C04F79EFBC}") = "Mizuho.London.FinanceLedgerPosting.Repository", "src\Mizuho.London.FinanceLedgerPosting.Repository\Mizuho.London.FinanceLedgerPosting.Repository.csproj", "{41E79C47-57F2-4B91-892E-30F23B8DA05F}"
EndProject
Project("{2150E333-8FDC-42A3-9474-1A3956D46DE8}") = "Test", "Test", "{5CB70D9A-39CE-4746-9E9A-6693168A8D71}"
EndProject
Project("{FAE04EC0-301F-11D3-BF4B-00C04F79EFBC}") = "Mizuho.London.FinanceLedgerPosting.Tests", "test\Mizuho.London.FinanceLedgerPosting.Tests\Mizuho.London.FinanceLedgerPosting.Tests.csproj", "{34D39431-FFD3-4DDB-A9B8-560CCE08CAA5}"
EndProject
Project("{FAE04EC0-301F-11D3-BF4B-00C04F79EFBC}") = "Mizuho.London.FinanceLedgerPosting.Common", "src\Mizuho.London.FinanceLedgerPosting.Common\Mizuho.London.FinanceLedgerPosting.Common.csproj", "{BDAFE549-C752-4A83-9F00-F295E5814855}"
EndProject
Project("{FAE04EC0-301F-11D3-BF4B-00C04F79EFBC}") = "Mizuho.London.FinanceLedgerPosting.Data", "src\Mizuho.London.FinanceLedgerPosting.Data\Mizuho.London.FinanceLedgerPosting.Data.csproj", "{3B821A5B-32E5-4FCB-BD10-2840616DCE48}"
EndProject
Global
	GlobalSection(SolutionConfigurationPlatforms) = preSolution
		Debug|Any CPU = Debug|Any CPU
		Release|Any CPU = Release|Any CPU
	EndGlobalSection
	GlobalSection(ProjectConfigurationPlatforms) = postSolution
		{DD8054A4-BF0D-41C3-85D5-0620AB0E7CB8}.Debug|Any CPU.ActiveCfg = Debug|Any CPU
		{DD8054A4-BF0D-41C3-85D5-0620AB0E7CB8}.Debug|Any CPU.Build.0 = Debug|Any CPU
		{DD8054A4-BF0D-41C3-85D5-0620AB0E7CB8}.Release|Any CPU.ActiveCfg = Release|Any CPU
		{DD8054A4-BF0D-41C3-85D5-0620AB0E7CB8}.Release|Any CPU.Build.0 = Release|Any CPU
		{41E79C47-57F2-4B91-892E-30F23B8DA05F}.Debug|Any CPU.ActiveCfg = Debug|Any CPU
		{41E79C47-57F2-4B91-892E-30F23B8DA05F}.Debug|Any CPU.Build.0 = Debug|Any CPU
		{41E79C47-57F2-4B91-892E-30F23B8DA05F}.Release|Any CPU.ActiveCfg = Release|Any CPU
		{41E79C47-57F2-4B91-892E-30F23B8DA05F}.Release|Any CPU.Build.0 = Release|Any CPU
		{34D39431-FFD3-4DDB-A9B8-560CCE08CAA5}.Debug|Any CPU.ActiveCfg = Debug|Any CPU
		{34D39431-FFD3-4DDB-A9B8-560CCE08CAA5}.Debug|Any CPU.Build.0 = Debug|Any CPU
		{34D39431-FFD3-4DDB-A9B8-560CCE08CAA5}.Release|Any CPU.ActiveCfg = Release|Any CPU
		{34D39431-FFD3-4DDB-A9B8-560CCE08CAA5}.Release|Any CPU.Build.0 = Release|Any CPU
		{BDAFE549-C752-4A83-9F00-F295E5814855}.Debug|Any CPU.ActiveCfg = Debug|Any CPU
		{BDAFE549-C752-4A83-9F00-F295E5814855}.Debug|Any CPU.Build.0 = Debug|Any CPU
		{BDAFE549-C752-4A83-9F00-F295E5814855}.Release|Any CPU.ActiveCfg = Release|Any CPU
		{BDAFE549-C752-4A83-9F00-F295E5814855}.Release|Any CPU.Build.0 = Release|Any CPU
		{3B821A5B-32E5-4FCB-BD10-2840616DCE48}.Debug|Any CPU.ActiveCfg = Debug|Any CPU
		{3B821A5B-32E5-4FCB-BD10-2840616DCE48}.Debug|Any CPU.Build.0 = Debug|Any CPU
		{3B821A5B-32E5-4FCB-BD10-2840616DCE48}.Release|Any CPU.ActiveCfg = Release|Any CPU
		{3B821A5B-32E5-4FCB-BD10-2840616DCE48}.Release|Any CPU.Build.0 = Release|Any CPU
	EndGlobalSection
	GlobalSection(SolutionProperties) = preSolution
		HideSolutionNode = FALSE
	EndGlobalSection
	GlobalSection(NestedProjects) = preSolution
		{34D39431-FFD3-4DDB-A9B8-560CCE08CAA5} = {5CB70D9A-39CE-4746-9E9A-6693168A8D71}
	EndGlobalSection
	GlobalSection(ExtensibilityGlobals) = postSolution
		SolutionGuid = {E7B2377D-ACFA-4718-AE9B-190CE399ABA1}
	EndGlobalSection
	GlobalSection(TeamFoundationVersionControl) = preSolution
		SccNumberOfProjects = 3
		SccEnterpriseProvider = {4CA58AB2-18FA-4F8D-95D4-32DDF27D184C}
		SccTeamFoundationServer = http://teamfoundationserver:8080/tfs/developments
		SccProjectUniqueName0 = src\\Mizuho.London.FinanceLedgerPosting.WebApi\\Mizuho.London.FinanceLedgerPosting.WebApi.csproj
		SccProjectName0 = src/Mizuho.London.FinanceLedgerPosting.WebApi
		SccAuxPath0 = http://teamfoundationserver:8080/tfs/developments
		SccLocalPath0 = src\\Mizuho.London.FinanceLedgerPosting.WebApi
		SccProvider0 = {4CA58AB2-18FA-4F8D-95D4-32DDF27D184C}
		SccProjectUniqueName1 = src\\Mizuho.London.FinanceLedgerPosting.Repository\\Mizuho.London.FinanceLedgerPosting.Repository.csproj
		SccProjectName1 = src/Mizuho.London.FinanceLedgerPosting.Repository
		SccAuxPath1 = http://teamfoundationserver:8080/tfs/developments
		SccLocalPath1 = src\\Mizuho.London.FinanceLedgerPosting.Repository
		SccProvider1 = {4CA58AB2-18FA-4F8D-95D4-32DDF27D184C}
		SccProjectUniqueName2 = src\\Mizuho.London.FinanceLedgerPosting.Common\\Mizuho.London.FinanceLedgerPosting.Common.csproj
		SccProjectName2 = src/Mizuho.London.FinanceLedgerPosting.Common
		SccAuxPath2 = http://teamfoundationserver:8080/tfs/developments
		SccLocalPath2 = src\\Mizuho.London.FinanceLedgerPosting.Common
		SccProvider2 = {4CA58AB2-18FA-4F8D-95D4-32DDF27D184C}
	EndGlobalSection
EndGlobal
