
Microsoft Visual Studio Solution File, Format Version 12.00
# Visual Studio 15
VisualStudioVersion = 15.0.27703.2042
MinimumVisualStudioVersion = 10.0.40219.1
Project("{FAE04EC0-301F-11D3-BF4B-00C04F79EFBC}") = "Mizuho.London.FinanceLedgerPosting.WebApi", "src\Mizuho.London.FinanceLedgerPosting.WebApi\Mizuho.London.FinanceLedgerPosting.WebApi.csproj", "{DD8054A4-BF0D-41C3-85D5-0620AB0E7CB8}"
EndProject
Project("{FAE04EC0-301F-11D3-BF4B-00C04F79EFBC}") = "Mizuho.London.FinanceLedgerPosting.Repository", "src\Mizuho.London.FinanceLedgerPosting.Repository\Mizuho.London.FinanceLedgerPosting.Repository.csproj", "{41E79C47-57F2-4B91-892E-30F23B8DA05F}"
EndProject
Project("{2150E333-8FDC-42A3-9474-1A3956D46DE8}") = "Test", "Test", "{5CB70D9A-39CE-4746-9E9A-6693168A8D71}"
EndProject
Project("{FAE04EC0-301F-11D3-BF4B-00C04F79EFBC}") = "Mizuho.London.FinanceLedgerPosting.Tests", "test\Mizuho.London.FinanceLedgerPosting.Tests\Mizuho.London.FinanceLedgerPosting.Tests.csproj", "{34D39431-FFD3-4DDB-A9B8-560CCE08CAA5}"
EndProject
Project("{FAE04EC0-301F-11D3-BF4B-00C04F79EFBC}") = "Mizuho.London.FinanceLedgerPosting.Common", "src\Mizuho.London.FinanceLedgerPosting.Common\Mizuho.London.FinanceLedgerPosting.Common.csproj", "{BDAFE549-C752-4A83-9F00-F295E5814855}"
EndProject
Project("{FAE04EC0-301F-11D3-BF4B-00C04F79EFBC}") = "Mizuho.London.FinanceLedgerPosting.Data", "src\Mizuho.London.FinanceLedgerPosting.Data\Mizuho.London.FinanceLedgerPosting.Data.csproj", "{3B821A5B-32E5-4FCB-BD10-2840616DCE48}"
EndProject
Project("{FAE04EC0-301F-11D3-BF4B-00C04F79EFBC}") = "Mizuho.London.FinanceLedgerPosting.Services", "src\Mizuho.London.FinanceLedgerPosting.Services\Mizuho.London.FinanceLedgerPosting.Services.csproj", "{5DE28DAD-8816-462A-ABF6-6111F7D6F2B2}"
EndProject
Project("{FAE04EC0-301F-11D3-BF4B-00C04F79EFBC}") = "Mizuho.London.FinanceLedgerPosting.ModelDTO", "src\Mizuho.London.FinanceLedgerPosting.ModelDTO\Mizuho.London.FinanceLedgerPosting.ModelDTO.csproj", "{EB326194-2213-4032-977B-0F980C5C2244}"
EndProject
Project("{2150E333-8FDC-42A3-9474-1A3956D46DE8}") = "Database", "Database", "{10588E36-F26D-4602-9AC8-7CF1C1ADD7AB}"
EndProject
Project("{00D1A9C2-B5F0-4AF3-8072-F6C62B433612}") = "Mizuho.London.FinanceLedgerPosting.Database", "src\Mizuho.London.FinanceLedgerPosting.Database\Mizuho.London.FinanceLedgerPosting.Database.sqlproj", "{E5E91DC3-96DD-4EBC-AE3F-56D2B4FA9E4C}"
EndProject
Global
	GlobalSection(SolutionConfigurationPlatforms) = preSolution
		Debug|Any CPU = Debug|Any CPU
		DEV|Any CPU = DEV|Any CPU
		PRD|Any CPU = PRD|Any CPU
		Release|Any CPU = Release|Any CPU
		Test|Any CPU = Test|Any CPU
		UAT|Any CPU = UAT|Any CPU
	EndGlobalSection
	GlobalSection(ProjectConfigurationPlatforms) = postSolution
		{DD8054A4-BF0D-41C3-85D5-0620AB0E7CB8}.Debug|Any CPU.ActiveCfg = Debug|Any CPU
		{DD8054A4-BF0D-41C3-85D5-0620AB0E7CB8}.Debug|Any CPU.Build.0 = Debug|Any CPU
		{DD8054A4-BF0D-41C3-85D5-0620AB0E7CB8}.DEV|Any CPU.ActiveCfg = Debug|Any CPU
		{DD8054A4-BF0D-41C3-85D5-0620AB0E7CB8}.DEV|Any CPU.Build.0 = Debug|Any CPU
		{DD8054A4-BF0D-41C3-85D5-0620AB0E7CB8}.PRD|Any CPU.ActiveCfg = Release|Any CPU
		{DD8054A4-BF0D-41C3-85D5-0620AB0E7CB8}.PRD|Any CPU.Build.0 = Release|Any CPU
		{DD8054A4-BF0D-41C3-85D5-0620AB0E7CB8}.Release|Any CPU.ActiveCfg = Release|Any CPU
		{DD8054A4-BF0D-41C3-85D5-0620AB0E7CB8}.Release|Any CPU.Build.0 = Release|Any CPU
		{DD8054A4-BF0D-41C3-85D5-0620AB0E7CB8}.Test|Any CPU.ActiveCfg = Release|Any CPU
		{DD8054A4-BF0D-41C3-85D5-0620AB0E7CB8}.Test|Any CPU.Build.0 = Release|Any CPU
		{DD8054A4-BF0D-41C3-85D5-0620AB0E7CB8}.UAT|Any CPU.ActiveCfg = Release|Any CPU
		{DD8054A4-BF0D-41C3-85D5-0620AB0E7CB8}.UAT|Any CPU.Build.0 = Release|Any CPU
		{41E79C47-57F2-4B91-892E-30F23B8DA05F}.Debug|Any CPU.ActiveCfg = Debug|Any CPU
		{41E79C47-57F2-4B91-892E-30F23B8DA05F}.Debug|Any CPU.Build.0 = Debug|Any CPU
		{41E79C47-57F2-4B91-892E-30F23B8DA05F}.DEV|Any CPU.ActiveCfg = Debug|Any CPU
		{41E79C47-57F2-4B91-892E-30F23B8DA05F}.DEV|Any CPU.Build.0 = Debug|Any CPU
		{41E79C47-57F2-4B91-892E-30F23B8DA05F}.PRD|Any CPU.ActiveCfg = Release|Any CPU
		{41E79C47-57F2-4B91-892E-30F23B8DA05F}.PRD|Any CPU.Build.0 = Release|Any CPU
		{41E79C47-57F2-4B91-892E-30F23B8DA05F}.Release|Any CPU.ActiveCfg = Release|Any CPU
		{41E79C47-57F2-4B91-892E-30F23B8DA05F}.Release|Any CPU.Build.0 = Release|Any CPU
		{41E79C47-57F2-4B91-892E-30F23B8DA05F}.Test|Any CPU.ActiveCfg = Release|Any CPU
		{41E79C47-57F2-4B91-892E-30F23B8DA05F}.Test|Any CPU.Build.0 = Release|Any CPU
		{41E79C47-57F2-4B91-892E-30F23B8DA05F}.UAT|Any CPU.ActiveCfg = Release|Any CPU
		{41E79C47-57F2-4B91-892E-30F23B8DA05F}.UAT|Any CPU.Build.0 = Release|Any CPU
		{34D39431-FFD3-4DDB-A9B8-560CCE08CAA5}.Debug|Any CPU.ActiveCfg = Debug|Any CPU
		{34D39431-FFD3-4DDB-A9B8-560CCE08CAA5}.Debug|Any CPU.Build.0 = Debug|Any CPU
		{34D39431-FFD3-4DDB-A9B8-560CCE08CAA5}.DEV|Any CPU.ActiveCfg = Debug|Any CPU
		{34D39431-FFD3-4DDB-A9B8-560CCE08CAA5}.DEV|Any CPU.Build.0 = Debug|Any CPU
		{34D39431-FFD3-4DDB-A9B8-560CCE08CAA5}.PRD|Any CPU.ActiveCfg = Release|Any CPU
		{34D39431-FFD3-4DDB-A9B8-560CCE08CAA5}.PRD|Any CPU.Build.0 = Release|Any CPU
		{34D39431-FFD3-4DDB-A9B8-560CCE08CAA5}.Release|Any CPU.ActiveCfg = Release|Any CPU
		{34D39431-FFD3-4DDB-A9B8-560CCE08CAA5}.Release|Any CPU.Build.0 = Release|Any CPU
		{34D39431-FFD3-4DDB-A9B8-560CCE08CAA5}.Test|Any CPU.ActiveCfg = Release|Any CPU
		{34D39431-FFD3-4DDB-A9B8-560CCE08CAA5}.Test|Any CPU.Build.0 = Release|Any CPU
		{34D39431-FFD3-4DDB-A9B8-560CCE08CAA5}.UAT|Any CPU.ActiveCfg = Release|Any CPU
		{34D39431-FFD3-4DDB-A9B8-560CCE08CAA5}.UAT|Any CPU.Build.0 = Release|Any CPU
		{BDAFE549-C752-4A83-9F00-F295E5814855}.Debug|Any CPU.ActiveCfg = Debug|Any CPU
		{BDAFE549-C752-4A83-9F00-F295E5814855}.Debug|Any CPU.Build.0 = Debug|Any CPU
		{BDAFE549-C752-4A83-9F00-F295E5814855}.DEV|Any CPU.ActiveCfg = Debug|Any CPU
		{BDAFE549-C752-4A83-9F00-F295E5814855}.DEV|Any CPU.Build.0 = Debug|Any CPU
		{BDAFE549-C752-4A83-9F00-F295E5814855}.PRD|Any CPU.ActiveCfg = Release|Any CPU
		{BDAFE549-C752-4A83-9F00-F295E5814855}.PRD|Any CPU.Build.0 = Release|Any CPU
		{BDAFE549-C752-4A83-9F00-F295E5814855}.Release|Any CPU.ActiveCfg = Release|Any CPU
		{BDAFE549-C752-4A83-9F00-F295E5814855}.Release|Any CPU.Build.0 = Release|Any CPU
		{BDAFE549-C752-4A83-9F00-F295E5814855}.Test|Any CPU.ActiveCfg = Release|Any CPU
		{BDAFE549-C752-4A83-9F00-F295E5814855}.Test|Any CPU.Build.0 = Release|Any CPU
		{BDAFE549-C752-4A83-9F00-F295E5814855}.UAT|Any CPU.ActiveCfg = Release|Any CPU
		{BDAFE549-C752-4A83-9F00-F295E5814855}.UAT|Any CPU.Build.0 = Release|Any CPU
		{3B821A5B-32E5-4FCB-BD10-2840616DCE48}.Debug|Any CPU.ActiveCfg = Debug|Any CPU
		{3B821A5B-32E5-4FCB-BD10-2840616DCE48}.Debug|Any CPU.Build.0 = Debug|Any CPU
		{3B821A5B-32E5-4FCB-BD10-2840616DCE48}.DEV|Any CPU.ActiveCfg = Debug|Any CPU
		{3B821A5B-32E5-4FCB-BD10-2840616DCE48}.DEV|Any CPU.Build.0 = Debug|Any CPU
		{3B821A5B-32E5-4FCB-BD10-2840616DCE48}.PRD|Any CPU.ActiveCfg = Release|Any CPU
		{3B821A5B-32E5-4FCB-BD10-2840616DCE48}.PRD|Any CPU.Build.0 = Release|Any CPU
		{3B821A5B-32E5-4FCB-BD10-2840616DCE48}.Release|Any CPU.ActiveCfg = Release|Any CPU
		{3B821A5B-32E5-4FCB-BD10-2840616DCE48}.Release|Any CPU.Build.0 = Release|Any CPU
		{3B821A5B-32E5-4FCB-BD10-2840616DCE48}.Test|Any CPU.ActiveCfg = Release|Any CPU
		{3B821A5B-32E5-4FCB-BD10-2840616DCE48}.Test|Any CPU.Build.0 = Release|Any CPU
		{3B821A5B-32E5-4FCB-BD10-2840616DCE48}.UAT|Any CPU.ActiveCfg = Release|Any CPU
		{3B821A5B-32E5-4FCB-BD10-2840616DCE48}.UAT|Any CPU.Build.0 = Release|Any CPU
		{5DE28DAD-8816-462A-ABF6-6111F7D6F2B2}.Debug|Any CPU.ActiveCfg = Debug|Any CPU
		{5DE28DAD-8816-462A-ABF6-6111F7D6F2B2}.Debug|Any CPU.Build.0 = Debug|Any CPU
		{5DE28DAD-8816-462A-ABF6-6111F7D6F2B2}.DEV|Any CPU.ActiveCfg = Debug|Any CPU
		{5DE28DAD-8816-462A-ABF6-6111F7D6F2B2}.DEV|Any CPU.Build.0 = Debug|Any CPU
		{5DE28DAD-8816-462A-ABF6-6111F7D6F2B2}.PRD|Any CPU.ActiveCfg = Release|Any CPU
		{5DE28DAD-8816-462A-ABF6-6111F7D6F2B2}.PRD|Any CPU.Build.0 = Release|Any CPU
		{5DE28DAD-8816-462A-ABF6-6111F7D6F2B2}.Release|Any CPU.ActiveCfg = Release|Any CPU
		{5DE28DAD-8816-462A-ABF6-6111F7D6F2B2}.Release|Any CPU.Build.0 = Release|Any CPU
		{5DE28DAD-8816-462A-ABF6-6111F7D6F2B2}.Test|Any CPU.ActiveCfg = Release|Any CPU
		{5DE28DAD-8816-462A-ABF6-6111F7D6F2B2}.Test|Any CPU.Build.0 = Release|Any CPU
		{5DE28DAD-8816-462A-ABF6-6111F7D6F2B2}.UAT|Any CPU.ActiveCfg = Release|Any CPU
		{5DE28DAD-8816-462A-ABF6-6111F7D6F2B2}.UAT|Any CPU.Build.0 = Release|Any CPU
		{EB326194-2213-4032-977B-0F980C5C2244}.Debug|Any CPU.ActiveCfg = Debug|Any CPU
		{EB326194-2213-4032-977B-0F980C5C2244}.Debug|Any CPU.Build.0 = Debug|Any CPU
		{EB326194-2213-4032-977B-0F980C5C2244}.DEV|Any CPU.ActiveCfg = Debug|Any CPU
		{EB326194-2213-4032-977B-0F980C5C2244}.DEV|Any CPU.Build.0 = Debug|Any CPU
		{EB326194-2213-4032-977B-0F980C5C2244}.PRD|Any CPU.ActiveCfg = Release|Any CPU
		{EB326194-2213-4032-977B-0F980C5C2244}.PRD|Any CPU.Build.0 = Release|Any CPU
		{EB326194-2213-4032-977B-0F980C5C2244}.Release|Any CPU.ActiveCfg = Release|Any CPU
		{EB326194-2213-4032-977B-0F980C5C2244}.Release|Any CPU.Build.0 = Release|Any CPU
		{EB326194-2213-4032-977B-0F980C5C2244}.Test|Any CPU.ActiveCfg = Release|Any CPU
		{EB326194-2213-4032-977B-0F980C5C2244}.Test|Any CPU.Build.0 = Release|Any CPU
		{EB326194-2213-4032-977B-0F980C5C2244}.UAT|Any CPU.ActiveCfg = Release|Any CPU
		{EB326194-2213-4032-977B-0F980C5C2244}.UAT|Any CPU.Build.0 = Release|Any CPU
		{E5E91DC3-96DD-4EBC-AE3F-56D2B4FA9E4C}.Debug|Any CPU.ActiveCfg = Debug|Any CPU
		{E5E91DC3-96DD-4EBC-AE3F-56D2B4FA9E4C}.Debug|Any CPU.Build.0 = Debug|Any CPU
		{E5E91DC3-96DD-4EBC-AE3F-56D2B4FA9E4C}.Debug|Any CPU.Deploy.0 = Debug|Any CPU
		{E5E91DC3-96DD-4EBC-AE3F-56D2B4FA9E4C}.DEV|Any CPU.ActiveCfg = Debug|Any CPU
		{E5E91DC3-96DD-4EBC-AE3F-56D2B4FA9E4C}.DEV|Any CPU.Build.0 = Debug|Any CPU
		{E5E91DC3-96DD-4EBC-AE3F-56D2B4FA9E4C}.DEV|Any CPU.Deploy.0 = Debug|Any CPU
		{E5E91DC3-96DD-4EBC-AE3F-56D2B4FA9E4C}.PRD|Any CPU.ActiveCfg = Debug|Any CPU
		{E5E91DC3-96DD-4EBC-AE3F-56D2B4FA9E4C}.PRD|Any CPU.Build.0 = Debug|Any CPU
		{E5E91DC3-96DD-4EBC-AE3F-56D2B4FA9E4C}.PRD|Any CPU.Deploy.0 = Debug|Any CPU
		{E5E91DC3-96DD-4EBC-AE3F-56D2B4FA9E4C}.Release|Any CPU.ActiveCfg = Release|Any CPU
		{E5E91DC3-96DD-4EBC-AE3F-56D2B4FA9E4C}.Release|Any CPU.Build.0 = Release|Any CPU
		{E5E91DC3-96DD-4EBC-AE3F-56D2B4FA9E4C}.Release|Any CPU.Deploy.0 = Release|Any CPU
		{E5E91DC3-96DD-4EBC-AE3F-56D2B4FA9E4C}.Test|Any CPU.ActiveCfg = Debug|Any CPU
		{E5E91DC3-96DD-4EBC-AE3F-56D2B4FA9E4C}.Test|Any CPU.Build.0 = Debug|Any CPU
		{E5E91DC3-96DD-4EBC-AE3F-56D2B4FA9E4C}.Test|Any CPU.Deploy.0 = Debug|Any CPU
		{E5E91DC3-96DD-4EBC-AE3F-56D2B4FA9E4C}.UAT|Any CPU.ActiveCfg = Debug|Any CPU
		{E5E91DC3-96DD-4EBC-AE3F-56D2B4FA9E4C}.UAT|Any CPU.Build.0 = Debug|Any CPU
		{E5E91DC3-96DD-4EBC-AE3F-56D2B4FA9E4C}.UAT|Any CPU.Deploy.0 = Debug|Any CPU
	EndGlobalSection
	GlobalSection(SolutionProperties) = preSolution
		HideSolutionNode = FALSE
	EndGlobalSection
	GlobalSection(NestedProjects) = preSolution
		{34D39431-FFD3-4DDB-A9B8-560CCE08CAA5} = {5CB70D9A-39CE-4746-9E9A-6693168A8D71}
		{E5E91DC3-96DD-4EBC-AE3F-56D2B4FA9E4C} = {10588E36-F26D-4602-9AC8-7CF1C1ADD7AB}
	EndGlobalSection
	GlobalSection(ExtensibilityGlobals) = postSolution
		SolutionGuid = {E7B2377D-ACFA-4718-AE9B-190CE399ABA1}
	EndGlobalSection
	GlobalSection(TeamFoundationVersionControl) = preSolution
		SccNumberOfProjects = 3
		SccEnterpriseProvider = {4CA58AB2-18FA-4F8D-95D4-32DDF27D184C}
		SccTeamFoundationServer = http://teamfoundationserver:8080/tfs/developments
		SccProjectUniqueName0 = src\\Mizuho.London.FinanceLedgerPosting.WebApi\\Mizuho.London.FinanceLedgerPosting.WebApi.csproj
		SccProjectName0 = src/Mizuho.London.FinanceLedgerPosting.WebApi
		SccAuxPath0 = http://teamfoundationserver:8080/tfs/developments
		SccLocalPath0 = src\\Mizuho.London.FinanceLedgerPosting.WebApi
		SccProvider0 = {4CA58AB2-18FA-4F8D-95D4-32DDF27D184C}
		SccProjectUniqueName1 = src\\Mizuho.London.FinanceLedgerPosting.Repository\\Mizuho.London.FinanceLedgerPosting.Repository.csproj
		SccProjectName1 = src/Mizuho.London.FinanceLedgerPosting.Repository
		SccAuxPath1 = http://teamfoundationserver:8080/tfs/developments
		SccLocalPath1 = src\\Mizuho.London.FinanceLedgerPosting.Repository
		SccProvider1 = {4CA58AB2-18FA-4F8D-95D4-32DDF27D184C}
		SccProjectUniqueName2 = src\\Mizuho.London.FinanceLedgerPosting.Common\\Mizuho.London.FinanceLedgerPosting.Common.csproj
		SccProjectName2 = src/Mizuho.London.FinanceLedgerPosting.Common
		SccAuxPath2 = http://teamfoundationserver:8080/tfs/developments
		SccLocalPath2 = src\\Mizuho.London.FinanceLedgerPosting.Common
		SccProvider2 = {4CA58AB2-18FA-4F8D-95D4-32DDF27D184C}
	EndGlobalSection
EndGlobal
